
Microsoft Visual Studio Solution File, Format Version 12.00
# Visual Studio Version 16
VisualStudioVersion = 16.0.29806.167
MinimumVisualStudioVersion = 10.0.40219.1
Project("{8BC9CEB8-8B4A-11D0-8D11-00A0C91BC942}") = "cleintAttack", "cleintAttack\cleintAttack.vcxproj", "{F43C71AD-0C69-4F16-A22D-A35CEB418D25}"
EndProject
Global
	GlobalSection(SolutionConfigurationPlatforms) = preSolution
		Debug|x64 = Debug|x64
		Debug|x86 = Debug|x86
		Release|x64 = Release|x64
		Release|x86 = Release|x86
	EndGlobalSection
	GlobalSection(ProjectConfigurationPlatforms) = postSolution
		{F43C71AD-0C69-4F16-A22D-A35CEB418D25}.Debug|x64.ActiveCfg = Debug|x64
		{F43C71AD-0C69-4F16-A22D-A35CEB418D25}.Debug|x64.Build.0 = Debug|x64
		{F43C71AD-0C69-4F16-A22D-A35CEB418D25}.Debug|x86.ActiveCfg = Debug|Win32
		{F43C71AD-0C69-4F16-A22D-A35CEB418D25}.Debug|x86.Build.0 = Debug|Win32
		{F43C71AD-0C69-4F16-A22D-A35CEB418D25}.Release|x64.ActiveCfg = Release|x64
		{F43C71AD-0C69-4F16-A22D-A35CEB418D25}.Release|x64.Build.0 = Release|x64
		{F43C71AD-0C69-4F16-A22D-A35CEB418D25}.Release|x86.ActiveCfg = Release|Win32
		{F43C71AD-0C69-4F16-A22D-A35CEB418D25}.Release|x86.Build.0 = Release|Win32
	EndGlobalSection
	GlobalSection(SolutionProperties) = preSolution
		HideSolutionNode = FALSE
	EndGlobalSection
	GlobalSection(ExtensibilityGlobals) = postSolution
		SolutionGuid = {CC27ACA3-8328-4F9E-B66C-C82D5A301E7D}
	EndGlobalSection
EndGlobal
